{
    "doom-emacs": {
        "fetcher": "fetchFromGitHub",
        "args": {
            "owner": "hlissner",
            "repo": "doom-emacs",
            "rev": "b0978a4526cfd78bb18e5279909c19bee97e9878",
            "sha256": "0ydjzp87zcz4bfnqcqs0fyxdbv4273h21ir1sjny2lln3d3w7zzw"
        },
        "meta": {
            "updated": "2020-02-15T09:39:33+00:00",
            "rev": "b0978a4526cfd78bb18e5279909c19bee97e9878"
        }
    },
    "nix-straight.el": {
        "fetcher": "fetchFromGitHub",
        "args": {
            "owner": "vlaci",
            "repo": "nix-straight.el",
            "rev": "446f3d70f1816305130f307c0cf2bc8db77ed698",
            "sha256": "1p4yp46kwhii8w9yf882fca9r3addn91wg6f4mv62wnkfm0i6q0f"
        },
        "meta": {
            "updated": "2020-01-25T18:43:31+00:00",
            "rev": "446f3d70f1816305130f307c0cf2bc8db77ed698"
        }
    },
    "org-yt": {
        "fetcher": "fetchFromGitHub",
        "args": {
            "owner": "TobiasZawada",
            "repo": "org-yt",
            "rev": "40cc1ac76d741055cbefa13860d9f070a7ade001",
            "sha256": "0jsm3azb7lwikvc53z4p91av8qvda9s15wij153spkgjp83kld3p"
        },
        "meta": {
            "updated": "2019-10-25T22:28:27+00:00",
            "rev": "40cc1ac76d741055cbefa13860d9f070a7ade001"
        }
    },
    "emacs-overlay": {
        "fetcher": "fetchFromGitHub",
        "args": {
            "owner": "nix-community",
            "repo": "emacs-overlay",
            "rev": "af3182aa950a3c591df7d2007fedf658c6cbc687",
            "sha256": "09yqs9h4zwcshhkvzdzlkixs1mprdrmknh05kqv7c3pq1ir0daiz"
        },
        "meta": {
            "updated": "2020-02-15T09:39:40+00:00",
            "rev": "af3182aa950a3c591df7d2007fedf658c6cbc687"
        }
    },
    "evil-markdown": {
        "fetcher": "fetchFromGitHub",
        "args": {
            "owner": "Somelauw",
            "repo": "evil-markdown",
            "rev": "46cd81b37991c4325fc24015a610f832b0ff995d",
            "sha256": "0mad8sp5y9vyk28595qygspnyh8bfmb1fbxjlw70qwc1kdn822n4"
        },
        "meta": {
            "updated": "2019-11-23T14:33:01+00:00",
            "rev": "46cd81b37991c4325fc24015a610f832b0ff995d"
        }
    },
    "php-extras": {
        "fetcher": "fetchFromGitHub",
        "args": {
            "owner": "arnested",
            "repo": "php-extras",
            "rev": "81ebd7c1a8c8d02b2775d4cdbf73653feb608a7c",
            "sha256": "181dg1z00qagwb9qd45fpcrya32mdgj8dnkpnfv52lqmi94vvzg0"
        },
        "meta": {
            "updated": "2019-11-23T14:33:03+00:00",
            "rev": "81ebd7c1a8c8d02b2775d4cdbf73653feb608a7c"
        }
    },
    "so-long": {
        "fetcher": "fetchFromGitHub",
        "args": {
            "owner": "hlissner",
            "repo": "emacs-so-long",
            "rev": "ed666b0716f60e8988c455804de24b55919e71ca",
            "sha256": "0bc6nrdrvj422g15zqn00vs7ga9bq5c3hdg7ml1kls8rxp6bk1n4"
        },
        "meta": {
            "updated": "2019-12-21T13:21:48+00:00",
            "rev": "ed666b0716f60e8988c455804de24b55919e71ca"
        }
    },
    "evil-quick-diff": {
        "fetcher": "fetchFromGitHub",
        "args": {
            "owner": "rgrinberg",
            "repo": "evil-quick-diff",
            "rev": "69c883720b30a892c63bc89f49d4f0e8b8028908",
            "sha256": "15cww264lhddxh0d2ca5qd5nq5pda8hs4nj8mcpb5xlnmkayav50"
        },
        "meta": {
            "updated": "2019-12-01T14:49:48+00:00",
            "rev": "69c883720b30a892c63bc89f49d4f0e8b8028908"
        }
    },
    "evil-org-mode": {
        "fetcher": "fetchFromGitHub",
        "args": {
            "owner": "hlissner",
            "repo": "evil-org-mode",
            "rev": "4d44e9bbdc3ae35d0050ca298886710f6531f434",
            "sha256": "0kp19q58rqi2x31g5fqqy5rzw7ymxsa9iaxj3f9rya9zyyma6g59"
        },
        "meta": {
            "updated": "2020-01-07T11:56:38+00:00",
            "rev": "4d44e9bbdc3ae35d0050ca298886710f6531f434"
        }
    },
    "org-mode": {
        "fetcher": "fetchFromGitHub",
        "args": {
            "owner": "emacs-straight",
            "repo": "org-mode",
            "rev": "e361c640435af947fab201c1fe60f25843edb5e9",
            "sha256": "15hbrsz45zhvh09qsijmw9x38zzaiymsmczafyfql68ar2s1slgj"
        },
        "meta": {
            "updated": "2020-02-15T09:39:37+00:00",
            "rev": "e361c640435af947fab201c1fe60f25843edb5e9"
        }
    },
    "doom-snippets": {
        "fetcher": "fetchFromGitHub",
        "args": {
            "owner": "hlissner",
            "repo": "doom-snippets",
            "rev": "4a0e675e1a4713dc8b3c020b30cad18ef4d7401d",
            "sha256": "0b3vdwm9brnjgivxd3icz5znjhjhzqkd38nn9qamk4n09d7h2nd7"
        },
        "meta": {
            "updated": "2020-02-15T09:48:50+00:00",
            "rev": "4a0e675e1a4713dc8b3c020b30cad18ef4d7401d"
        }
    },
    "rotate-text": {
        "fetcher": "fetchFromGitHub",
        "args": {
            "owner": "debug-ito",
            "repo": "rotate-text.el",
            "rev": "48f193697db996855aee1ad2bc99b38c6646fe76",
            "sha256": "02fkv45nbbqrv12czlinpr8qpsd7yjdhr628hl58n42w560qxrs8"
        },
        "meta": {
            "updated": "2020-02-15T09:48:53+00:00",
            "rev": "48f193697db996855aee1ad2bc99b38c6646fe76"
        }
    }
}
