{
    "doom-emacs": {
        "fetcher": "fetchFromGitHub",
        "args": {
            "owner": "hlissner",
            "repo": "doom-emacs",
            "rev": "88eb9d1d61b816745fa1d8fa09750e161cdf3dba",
            "sha256": "0l49fa9qrk0y4rv6lz6ikv1fnfhw8bpkyignjddrcww5n22yx400"
        },
        "meta": {
            "updated": "2019-11-22T22:06:02+00:00",
            "rev": "88eb9d1d61b816745fa1d8fa09750e161cdf3dba"
        }
    },
    "nix-straight.el": {
        "fetcher": "fetchFromGitHub",
        "args": {
            "owner": "vlaci",
            "repo": "nix-straight.el",
            "rev": "ed6b14fc7a4f391229e74d5a8828a351798dda27",
            "sha256": "0rmpvz2c2f4vdk8xdk0xqdr3pzxqfimwch4ri7cyyzqc327bd0m8"
        },
        "meta": {
            "updated": "2019-11-22T19:53:27+00:00",
            "rev": "ed6b14fc7a4f391229e74d5a8828a351798dda27"
        }
    },
    "org-yt": {
        "fetcher": "fetchFromGitHub",
        "args": {
            "owner": "TobiasZawada",
            "repo": "org-yt",
            "rev": "40cc1ac76d741055cbefa13860d9f070a7ade001",
            "sha256": "0jsm3azb7lwikvc53z4p91av8qvda9s15wij153spkgjp83kld3p"
        },
        "meta": {
            "updated": "2019-10-25T22:28:27+00:00",
            "rev": "40cc1ac76d741055cbefa13860d9f070a7ade001"
        }
    },
    "emacs-overlay": {
        "fetcher": "fetchFromGitHub",
        "args": {
            "owner": "nix-community",
            "repo": "emacs-overlay",
            "rev": "10e16733ba3444967c8d24b23b99f7b57239f3e4",
            "sha256": "130xd7l3scki176wp260ha4qhcl0h0dygrlpl3j8rfqk7mfjq5ja"
        },
        "meta": {
            "updated": "2019-11-22T20:22:22+00:00",
            "rev": "10e16733ba3444967c8d24b23b99f7b57239f3e4"
        }
    },
    "evil-markdown": {
        "fetcher": "fetchFromGitHub",
        "args": {
            "owner": "Somelauw",
            "repo": "evil-markdown",
            "rev": "46cd81b37991c4325fc24015a610f832b0ff995d",
            "sha256": "0mad8sp5y9vyk28595qygspnyh8bfmb1fbxjlw70qwc1kdn822n4"
        },
        "meta": {
            "updated": "2019-11-23T14:33:01+00:00",
            "rev": "46cd81b37991c4325fc24015a610f832b0ff995d"
        }
    },
    "php-extras": {
        "fetcher": "fetchFromGitHub",
        "args": {
            "owner": "arnested",
            "repo": "php-extras",
            "rev": "81ebd7c1a8c8d02b2775d4cdbf73653feb608a7c",
            "sha256": "181dg1z00qagwb9qd45fpcrya32mdgj8dnkpnfv52lqmi94vvzg0"
        },
        "meta": {
            "updated": "2019-11-23T14:33:03+00:00",
            "rev": "81ebd7c1a8c8d02b2775d4cdbf73653feb608a7c"
        }
    },
    "so-long": {
        "fetcher": "fetchFromGitHub",
        "args": {
            "owner": "hlissner",
            "repo": "emacs-so-long",
            "rev": "cfae473b1bf65f78ddb015159e667ec0103d881c",
            "sha256": "0g943n5cl9lz5s7hszg6yvp10xd1xvd8mfgxyg0yckmp8fqkswin"
        },
        "meta": {
            "updated": "2019-11-23T14:32:59+00:00",
            "rev": "cfae473b1bf65f78ddb015159e667ec0103d881c"
        }
    }
}
